
Microsoft Visual Studio Solution File, Format Version 12.00
# Visual Studio Version 17
VisualStudioVersion = 17.3.32922.545
MinimumVisualStudioVersion = 10.0.40219.1
Project("{FAE04EC0-301F-11D3-BF4B-00C04F79EFBC}") = "FrogsWinFormsApp", "FrogsWinFormsApp\FrogsWinFormsApp.csproj", "{61DF72C0-881E-4DF0-B35C-027723ED4904}"
EndProject
Global
	GlobalSection(SolutionConfigurationPlatforms) = preSolution
		Debug|Any CPU = Debug|Any CPU
		Release|Any CPU = Release|Any CPU
	EndGlobalSection
	GlobalSection(ProjectConfigurationPlatforms) = postSolution
		{61DF72C0-881E-4DF0-B35C-027723ED4904}.Debug|Any CPU.ActiveCfg = Debug|Any CPU
		{61DF72C0-881E-4DF0-B35C-027723ED4904}.Debug|Any CPU.Build.0 = Debug|Any CPU
		{61DF72C0-881E-4DF0-B35C-027723ED4904}.Release|Any CPU.ActiveCfg = Release|Any CPU
		{61DF72C0-881E-4DF0-B35C-027723ED4904}.Release|Any CPU.Build.0 = Release|Any CPU
	EndGlobalSection
	GlobalSection(SolutionProperties) = preSolution
		HideSolutionNode = FALSE
	EndGlobalSection
	GlobalSection(ExtensibilityGlobals) = postSolution
		SolutionGuid = {015B30F3-169B-4E5E-A0FF-227D9D9E37AC}
	EndGlobalSection
EndGlobal
